// !$*UTF8*$!
{
	archiveVersion = 1;
	classes = {
	};
	objectVersion = 77;
	objects = {

/* Begin PBXBuildFile section */
		06DB0A7C2DA3E08F00D460DD /* LocationManager.swift in Sources */ = {isa = PBXBuildFile; fileRef = 06DB0A732DA3E08F00D460DD /* LocationManager.swift */; };
		06DB0A7D2DA3E08F00D460DD /* ContentView.swift in Sources */ = {isa = PBXBuildFile; fileRef = 06DB0A772DA3E08F00D460DD /* ContentView.swift */; };
		06DB0A7E2DA3E08F00D460DD /* WeatherioApp.swift in Sources */ = {isa = PBXBuildFile; fileRef = 06DB0A7A2DA3E08F00D460DD /* WeatherioApp.swift */; };
		06DB0A7F2DA3E08F00D460DD /* Preview Assets.xcassets in Resources */ = {isa = PBXBuildFile; fileRef = 06DB0A752DA3E08F00D460DD /* Preview Assets.xcassets */; };
		06DB0A802DA3E08F00D460DD /* Assets.xcassets in Resources */ = {isa = PBXBuildFile; fileRef = 06DB0A792DA3E08F00D460DD /* Assets.xcassets */; };
		06DB0A822DA3E18600D460DD /* WelcomeView.swift in Sources */ = {isa = PBXBuildFile; fileRef = 06DB0A812DA3E18600D460DD /* WelcomeView.swift */; };
		06DB0A842DA3F3C600D460DD /* LoadingView.swift in Sources */ = {isa = PBXBuildFile; fileRef = 06DB0A832DA3F3C600D460DD /* LoadingView.swift */; };
		06DB0A872DA3F4E100D460DD /* WeatherManager.swift in Sources */ = {isa = PBXBuildFile; fileRef = 06DB0A862DA3F4DF00D460DD /* WeatherManager.swift */; };
		06DB0A892DA3F76400D460DD /* ModelData.swift in Sources */ = {isa = PBXBuildFile; fileRef = 06DB0A882DA3F76100D460DD /* ModelData.swift */; };
		06DB0A8B2DA3F7C100D460DD /* WeatherView.swift in Sources */ = {isa = PBXBuildFile; fileRef = 06DB0A8A2DA3F7C100D460DD /* WeatherView.swift */; };
		06DB0A8E2DA3F80300D460DD /* WeatherRow.swift in Sources */ = {isa = PBXBuildFile; fileRef = 06DB0A8D2DA3F80000D460DD /* WeatherRow.swift */; };
		06DB0A902DA3F85200D460DD /* Extensions.swift in Sources */ = {isa = PBXBuildFile; fileRef = 06DB0A8F2DA3F84E00D460DD /* Extensions.swift */; };
		06DB0A932DA3F8D100D460DD /* weatherData.json in Resources */ = {isa = PBXBuildFile; fileRef = 06DB0A922DA3F8D100D460DD /* weatherData.json */; };
/* End PBXBuildFile section */

/* Begin PBXContainerItemProxy section */
		06DB0A512DA3DC3200D460DD /* PBXContainerItemProxy */ = {
			isa = PBXContainerItemProxy;
			containerPortal = 06DB0A382DA3DC3000D460DD /* Project object */;
			proxyType = 1;
			remoteGlobalIDString = 06DB0A3F2DA3DC3000D460DD;
			remoteInfo = Weatherio;
		};
		06DB0A5B2DA3DC3200D460DD /* PBXContainerItemProxy */ = {
			isa = PBXContainerItemProxy;
			containerPortal = 06DB0A382DA3DC3000D460DD /* Project object */;
			proxyType = 1;
			remoteGlobalIDString = 06DB0A3F2DA3DC3000D460DD;
			remoteInfo = Weatherio;
		};
/* End PBXContainerItemProxy section */

/* Begin PBXFileReference section */
		06DB0A402DA3DC3000D460DD /* Weatherio.app */ = {isa = PBXFileReference; explicitFileType = wrapper.application; includeInIndex = 0; path = Weatherio.app; sourceTree = BUILT_PRODUCTS_DIR; };
		06DB0A502DA3DC3200D460DD /* WeatherioTests.xctest */ = {isa = PBXFileReference; explicitFileType = wrapper.cfbundle; includeInIndex = 0; path = WeatherioTests.xctest; sourceTree = BUILT_PRODUCTS_DIR; };
		06DB0A5A2DA3DC3200D460DD /* WeatherioUITests.xctest */ = {isa = PBXFileReference; explicitFileType = wrapper.cfbundle; includeInIndex = 0; path = WeatherioUITests.xctest; sourceTree = BUILT_PRODUCTS_DIR; };
		06DB0A732DA3E08F00D460DD /* LocationManager.swift */ = {isa = PBXFileReference; lastKnownFileType = sourcecode.swift; path = LocationManager.swift; sourceTree = "<group>"; };
		06DB0A752DA3E08F00D460DD /* Preview Assets.xcassets */ = {isa = PBXFileReference; lastKnownFileType = folder.assetcatalog; path = "Preview Assets.xcassets"; sourceTree = "<group>"; };
		06DB0A772DA3E08F00D460DD /* ContentView.swift */ = {isa = PBXFileReference; lastKnownFileType = sourcecode.swift; path = ContentView.swift; sourceTree = "<group>"; };
		06DB0A792DA3E08F00D460DD /* Assets.xcassets */ = {isa = PBXFileReference; lastKnownFileType = folder.assetcatalog; path = Assets.xcassets; sourceTree = "<group>"; };
		06DB0A7A2DA3E08F00D460DD /* WeatherioApp.swift */ = {isa = PBXFileReference; lastKnownFileType = sourcecode.swift; path = WeatherioApp.swift; sourceTree = "<group>"; };
		06DB0A812DA3E18600D460DD /* WelcomeView.swift */ = {isa = PBXFileReference; lastKnownFileType = sourcecode.swift; path = WelcomeView.swift; sourceTree = "<group>"; };
		06DB0A832DA3F3C600D460DD /* LoadingView.swift */ = {isa = PBXFileReference; lastKnownFileType = sourcecode.swift; path = LoadingView.swift; sourceTree = "<group>"; };
		06DB0A862DA3F4DF00D460DD /* WeatherManager.swift */ = {isa = PBXFileReference; lastKnownFileType = sourcecode.swift; path = WeatherManager.swift; sourceTree = "<group>"; };
		06DB0A882DA3F76100D460DD /* ModelData.swift */ = {isa = PBXFileReference; lastKnownFileType = sourcecode.swift; path = ModelData.swift; sourceTree = "<group>"; };
		06DB0A8A2DA3F7C100D460DD /* WeatherView.swift */ = {isa = PBXFileReference; lastKnownFileType = sourcecode.swift; path = WeatherView.swift; sourceTree = "<group>"; };
		06DB0A8D2DA3F80000D460DD /* WeatherRow.swift */ = {isa = PBXFileReference; lastKnownFileType = sourcecode.swift; path = WeatherRow.swift; sourceTree = "<group>"; };
		06DB0A8F2DA3F84E00D460DD /* Extensions.swift */ = {isa = PBXFileReference; lastKnownFileType = sourcecode.swift; path = Extensions.swift; sourceTree = "<group>"; };
		06DB0A922DA3F8D100D460DD /* weatherData.json */ = {isa = PBXFileReference; lastKnownFileType = text.json; path = weatherData.json; sourceTree = "<group>"; };
/* End PBXFileReference section */

/* Begin PBXFileSystemSynchronizedRootGroup section */
		06DB0A532DA3DC3200D460DD /* WeatherioTests */ = {
			isa = PBXFileSystemSynchronizedRootGroup;
			path = WeatherioTests;
			sourceTree = "<group>";
		};
		06DB0A5D2DA3DC3200D460DD /* WeatherioUITests */ = {
			isa = PBXFileSystemSynchronizedRootGroup;
			path = WeatherioUITests;
			sourceTree = "<group>";
		};
/* End PBXFileSystemSynchronizedRootGroup section */

/* Begin PBXFrameworksBuildPhase section */
		06DB0A3D2DA3DC3000D460DD /* Frameworks */ = {
			isa = PBXFrameworksBuildPhase;
			buildActionMask = 2147483647;
			files = (
			);
			runOnlyForDeploymentPostprocessing = 0;
		};
		06DB0A4D2DA3DC3200D460DD /* Frameworks */ = {
			isa = PBXFrameworksBuildPhase;
			buildActionMask = 2147483647;
			files = (
			);
			runOnlyForDeploymentPostprocessing = 0;
		};
		06DB0A572DA3DC3200D460DD /* Frameworks */ = {
			isa = PBXFrameworksBuildPhase;
			buildActionMask = 2147483647;
			files = (
			);
			runOnlyForDeploymentPostprocessing = 0;
		};
/* End PBXFrameworksBuildPhase section */

/* Begin PBXGroup section */
		06DB0A372DA3DC3000D460DD = {
			isa = PBXGroup;
			children = (
				06DB0A7B2DA3E08F00D460DD /* Weatherio */,
				06DB0A532DA3DC3200D460DD /* WeatherioTests */,
				06DB0A5D2DA3DC3200D460DD /* WeatherioUITests */,
				06DB0A412DA3DC3000D460DD /* Products */,
			);
			sourceTree = "<group>";
		};
		06DB0A412DA3DC3000D460DD /* Products */ = {
			isa = PBXGroup;
			children = (
				06DB0A402DA3DC3000D460DD /* Weatherio.app */,
				06DB0A502DA3DC3200D460DD /* WeatherioTests.xctest */,
				06DB0A5A2DA3DC3200D460DD /* WeatherioUITests.xctest */,
			);
			name = Products;
			sourceTree = "<group>";
		};
		06DB0A742DA3E08F00D460DD /* Managers */ = {
			isa = PBXGroup;
			children = (
				06DB0A862DA3F4DF00D460DD /* WeatherManager.swift */,
				06DB0A732DA3E08F00D460DD /* LocationManager.swift */,
			);
			path = Managers;
			sourceTree = "<group>";
		};
		06DB0A762DA3E08F00D460DD /* Preview Content */ = {
			isa = PBXGroup;
			children = (
				06DB0A882DA3F76100D460DD /* ModelData.swift */,
				06DB0A752DA3E08F00D460DD /* Preview Assets.xcassets */,
				06DB0A922DA3F8D100D460DD /* weatherData.json */,
			);
			path = "Preview Content";
			sourceTree = "<group>";
		};
		06DB0A782DA3E08F00D460DD /* Views */ = {
			isa = PBXGroup;
			children = (
				06DB0A772DA3E08F00D460DD /* ContentView.swift */,
				06DB0A812DA3E18600D460DD /* WelcomeView.swift */,
				06DB0A832DA3F3C600D460DD /* LoadingView.swift */,
				06DB0A8A2DA3F7C100D460DD /* WeatherView.swift */,
			);
			path = Views;
			sourceTree = "<group>";
		};
		06DB0A7B2DA3E08F00D460DD /* Weatherio */ = {
			isa = PBXGroup;
			children = (
				06DB0A8F2DA3F84E00D460DD /* Extensions.swift */,
				06DB0A8C2DA3F7F300D460DD /* Components */,
				06DB0A742DA3E08F00D460DD /* Managers */,
				06DB0A762DA3E08F00D460DD /* Preview Content */,
				06DB0A782DA3E08F00D460DD /* Views */,
				06DB0A792DA3E08F00D460DD /* Assets.xcassets */,
				06DB0A7A2DA3E08F00D460DD /* WeatherioApp.swift */,
			);
			path = Weatherio;
			sourceTree = "<group>";
		};
		06DB0A8C2DA3F7F300D460DD /* Components */ = {
			isa = PBXGroup;
			children = (
				06DB0A8D2DA3F80000D460DD /* WeatherRow.swift */,
			);
			path = Components;
			sourceTree = "<group>";
		};
/* End PBXGroup section */

/* Begin PBXNativeTarget section */
		06DB0A3F2DA3DC3000D460DD /* Weatherio */ = {
			isa = PBXNativeTarget;
			buildConfigurationList = 06DB0A642DA3DC3200D460DD /* Build configuration list for PBXNativeTarget "Weatherio" */;
			buildPhases = (
				06DB0A3C2DA3DC3000D460DD /* Sources */,
				06DB0A3D2DA3DC3000D460DD /* Frameworks */,
				06DB0A3E2DA3DC3000D460DD /* Resources */,
			);
			buildRules = (
			);
			dependencies = (
			);
			name = Weatherio;
			packageProductDependencies = (
			);
			productName = Weatherio;
			productReference = 06DB0A402DA3DC3000D460DD /* Weatherio.app */;
			productType = "com.apple.product-type.application";
		};
		06DB0A4F2DA3DC3200D460DD /* WeatherioTests */ = {
			isa = PBXNativeTarget;
			buildConfigurationList = 06DB0A672DA3DC3200D460DD /* Build configuration list for PBXNativeTarget "WeatherioTests" */;
			buildPhases = (
				06DB0A4C2DA3DC3200D460DD /* Sources */,
				06DB0A4D2DA3DC3200D460DD /* Frameworks */,
				06DB0A4E2DA3DC3200D460DD /* Resources */,
			);
			buildRules = (
			);
			dependencies = (
				06DB0A522DA3DC3200D460DD /* PBXTargetDependency */,
			);
			fileSystemSynchronizedGroups = (
				06DB0A532DA3DC3200D460DD /* WeatherioTests */,
			);
			name = WeatherioTests;
			packageProductDependencies = (
			);
			productName = WeatherioTests;
			productReference = 06DB0A502DA3DC3200D460DD /* WeatherioTests.xctest */;
			productType = "com.apple.product-type.bundle.unit-test";
		};
		06DB0A592DA3DC3200D460DD /* WeatherioUITests */ = {
			isa = PBXNativeTarget;
			buildConfigurationList = 06DB0A6A2DA3DC3200D460DD /* Build configuration list for PBXNativeTarget "WeatherioUITests" */;
			buildPhases = (
				06DB0A562DA3DC3200D460DD /* Sources */,
				06DB0A572DA3DC3200D460DD /* Frameworks */,
				06DB0A582DA3DC3200D460DD /* Resources */,
			);
			buildRules = (
			);
			dependencies = (
				06DB0A5C2DA3DC3200D460DD /* PBXTargetDependency */,
			);
			fileSystemSynchronizedGroups = (
				06DB0A5D2DA3DC3200D460DD /* WeatherioUITests */,
			);
			name = WeatherioUITests;
			packageProductDependencies = (
			);
			productName = WeatherioUITests;
			productReference = 06DB0A5A2DA3DC3200D460DD /* WeatherioUITests.xctest */;
			productType = "com.apple.product-type.bundle.ui-testing";
		};
/* End PBXNativeTarget section */

/* Begin PBXProject section */
		06DB0A382DA3DC3000D460DD /* Project object */ = {
			isa = PBXProject;
			attributes = {
				BuildIndependentTargetsInParallel = 1;
				LastSwiftUpdateCheck = 1620;
				LastUpgradeCheck = 1620;
				TargetAttributes = {
					06DB0A3F2DA3DC3000D460DD = {
						CreatedOnToolsVersion = 16.2;
					};
					06DB0A4F2DA3DC3200D460DD = {
						CreatedOnToolsVersion = 16.2;
						TestTargetID = 06DB0A3F2DA3DC3000D460DD;
					};
					06DB0A592DA3DC3200D460DD = {
						CreatedOnToolsVersion = 16.2;
						TestTargetID = 06DB0A3F2DA3DC3000D460DD;
					};
				};
			};
			buildConfigurationList = 06DB0A3B2DA3DC3000D460DD /* Build configuration list for PBXProject "Weatherio" */;
			developmentRegion = en;
			hasScannedForEncodings = 0;
			knownRegions = (
				en,
				Base,
			);
			mainGroup = 06DB0A372DA3DC3000D460DD;
			minimizedProjectReferenceProxies = 1;
			preferredProjectObjectVersion = 77;
			productRefGroup = 06DB0A412DA3DC3000D460DD /* Products */;
			projectDirPath = "";
			projectRoot = "";
			targets = (
				06DB0A3F2DA3DC3000D460DD /* Weatherio */,
				06DB0A4F2DA3DC3200D460DD /* WeatherioTests */,
				06DB0A592DA3DC3200D460DD /* WeatherioUITests */,
			);
		};
/* End PBXProject section */

/* Begin PBXResourcesBuildPhase section */
		06DB0A3E2DA3DC3000D460DD /* Resources */ = {
			isa = PBXResourcesBuildPhase;
			buildActionMask = 2147483647;
			files = (
				06DB0A7F2DA3E08F00D460DD /* Preview Assets.xcassets in Resources */,
				06DB0A932DA3F8D100D460DD /* weatherData.json in Resources */,
				06DB0A802DA3E08F00D460DD /* Assets.xcassets in Resources */,
			);
			runOnlyForDeploymentPostprocessing = 0;
		};
		06DB0A4E2DA3DC3200D460DD /* Resources */ = {
			isa = PBXResourcesBuildPhase;
			buildActionMask = 2147483647;
			files = (
			);
			runOnlyForDeploymentPostprocessing = 0;
		};
		06DB0A582DA3DC3200D460DD /* Resources */ = {
			isa = PBXResourcesBuildPhase;
			buildActionMask = 2147483647;
			files = (
			);
			runOnlyForDeploymentPostprocessing = 0;
		};
/* End PBXResourcesBuildPhase section */

/* Begin PBXSourcesBuildPhase section */
		06DB0A3C2DA3DC3000D460DD /* Sources */ = {
			isa = PBXSourcesBuildPhase;
			buildActionMask = 2147483647;
			files = (
				06DB0A872DA3F4E100D460DD /* WeatherManager.swift in Sources */,
				06DB0A7C2DA3E08F00D460DD /* LocationManager.swift in Sources */,
				06DB0A7D2DA3E08F00D460DD /* ContentView.swift in Sources */,
				06DB0A8E2DA3F80300D460DD /* WeatherRow.swift in Sources */,
				06DB0A7E2DA3E08F00D460DD /* WeatherioApp.swift in Sources */,
				06DB0A902DA3F85200D460DD /* Extensions.swift in Sources */,
				06DB0A842DA3F3C600D460DD /* LoadingView.swift in Sources */,
				06DB0A822DA3E18600D460DD /* WelcomeView.swift in Sources */,
				06DB0A892DA3F76400D460DD /* ModelData.swift in Sources */,
				06DB0A8B2DA3F7C100D460DD /* WeatherView.swift in Sources */,
			);
			runOnlyForDeploymentPostprocessing = 0;
		};
		06DB0A4C2DA3DC3200D460DD /* Sources */ = {
			isa = PBXSourcesBuildPhase;
			buildActionMask = 2147483647;
			files = (
			);
			runOnlyForDeploymentPostprocessing = 0;
		};
		06DB0A562DA3DC3200D460DD /* Sources */ = {
			isa = PBXSourcesBuildPhase;
			buildActionMask = 2147483647;
			files = (
			);
			runOnlyForDeploymentPostprocessing = 0;
		};
/* End PBXSourcesBuildPhase section */

/* Begin PBXTargetDependency section */
		06DB0A522DA3DC3200D460DD /* PBXTargetDependency */ = {
			isa = PBXTargetDependency;
			target = 06DB0A3F2DA3DC3000D460DD /* Weatherio */;
			targetProxy = 06DB0A512DA3DC3200D460DD /* PBXContainerItemProxy */;
		};
		06DB0A5C2DA3DC3200D460DD /* PBXTargetDependency */ = {
			isa = PBXTargetDependency;
			target = 06DB0A3F2DA3DC3000D460DD /* Weatherio */;
			targetProxy = 06DB0A5B2DA3DC3200D460DD /* PBXContainerItemProxy */;
		};
/* End PBXTargetDependency section */

/* Begin XCBuildConfiguration section */
		06DB0A622DA3DC3200D460DD /* Debug */ = {
			isa = XCBuildConfiguration;
			buildSettings = {
				ALWAYS_SEARCH_USER_PATHS = NO;
				ASSETCATALOG_COMPILER_GENERATE_SWIFT_ASSET_SYMBOL_EXTENSIONS = YES;
				CLANG_ANALYZER_NONNULL = YES;
				CLANG_ANALYZER_NUMBER_OBJECT_CONVERSION = YES_AGGRESSIVE;
				CLANG_CXX_LANGUAGE_STANDARD = "gnu++20";
				CLANG_ENABLE_MODULES = YES;
				CLANG_ENABLE_OBJC_ARC = YES;
				CLANG_ENABLE_OBJC_WEAK = YES;
				CLANG_WARN_BLOCK_CAPTURE_AUTORELEASING = YES;
				CLANG_WARN_BOOL_CONVERSION = YES;
				CLANG_WARN_COMMA = YES;
				CLANG_WARN_CONSTANT_CONVERSION = YES;
				CLANG_WARN_DEPRECATED_OBJC_IMPLEMENTATIONS = YES;
				CLANG_WARN_DIRECT_OBJC_ISA_USAGE = YES_ERROR;
				CLANG_WARN_DOCUMENTATION_COMMENTS = YES;
				CLANG_WARN_EMPTY_BODY = YES;
				CLANG_WARN_ENUM_CONVERSION = YES;
				CLANG_WARN_INFINITE_RECURSION = YES;
				CLANG_WARN_INT_CONVERSION = YES;
				CLANG_WARN_NON_LITERAL_NULL_CONVERSION = YES;
				CLANG_WARN_OBJC_IMPLICIT_RETAIN_SELF = YES;
				CLANG_WARN_OBJC_LITERAL_CONVERSION = YES;
				CLANG_WARN_OBJC_ROOT_CLASS = YES_ERROR;
				CLANG_WARN_QUOTED_INCLUDE_IN_FRAMEWORK_HEADER = YES;
				CLANG_WARN_RANGE_LOOP_ANALYSIS = YES;
				CLANG_WARN_STRICT_PROTOTYPES = YES;
				CLANG_WARN_SUSPICIOUS_MOVE = YES;
				CLANG_WARN_UNGUARDED_AVAILABILITY = YES_AGGRESSIVE;
				CLANG_WARN_UNREACHABLE_CODE = YES;
				CLANG_WARN__DUPLICATE_METHOD_MATCH = YES;
				COPY_PHASE_STRIP = NO;
				DEBUG_INFORMATION_FORMAT = dwarf;
				ENABLE_STRICT_OBJC_MSGSEND = YES;
				ENABLE_TESTABILITY = YES;
				ENABLE_USER_SCRIPT_SANDBOXING = YES;
				GCC_C_LANGUAGE_STANDARD = gnu17;
				GCC_DYNAMIC_NO_PIC = NO;
				GCC_NO_COMMON_BLOCKS = YES;
				GCC_OPTIMIZATION_LEVEL = 0;
				GCC_PREPROCESSOR_DEFINITIONS = (
					"DEBUG=1",
					"$(inherited)",
				);
				GCC_WARN_64_TO_32_BIT_CONVERSION = YES;
				GCC_WARN_ABOUT_RETURN_TYPE = YES_ERROR;
				GCC_WARN_UNDECLARED_SELECTOR = YES;
				GCC_WARN_UNINITIALIZED_AUTOS = YES_AGGRESSIVE;
				GCC_WARN_UNUSED_FUNCTION = YES;
				GCC_WARN_UNUSED_VARIABLE = YES;
				IPHONEOS_DEPLOYMENT_TARGET = 18.2;
				LOCALIZATION_PREFERS_STRING_CATALOGS = YES;
				MTL_ENABLE_DEBUG_INFO = INCLUDE_SOURCE;
				MTL_FAST_MATH = YES;
				ONLY_ACTIVE_ARCH = YES;
				SDKROOT = iphoneos;
				SWIFT_ACTIVE_COMPILATION_CONDITIONS = "DEBUG $(inherited)";
				SWIFT_OPTIMIZATION_LEVEL = "-Onone";
			};
			name = Debug;
		};
		06DB0A632DA3DC3200D460DD /* Release */ = {
			isa = XCBuildConfiguration;
			buildSettings = {
				ALWAYS_SEARCH_USER_PATHS = NO;
				ASSETCATALOG_COMPILER_GENERATE_SWIFT_ASSET_SYMBOL_EXTENSIONS = YES;
				CLANG_ANALYZER_NONNULL = YES;
				CLANG_ANALYZER_NUMBER_OBJECT_CONVERSION = YES_AGGRESSIVE;
				CLANG_CXX_LANGUAGE_STANDARD = "gnu++20";
				CLANG_ENABLE_MODULES = YES;
				CLANG_ENABLE_OBJC_ARC = YES;
				CLANG_ENABLE_OBJC_WEAK = YES;
				CLANG_WARN_BLOCK_CAPTURE_AUTORELEASING = YES;
				CLANG_WARN_BOOL_CONVERSION = YES;
				CLANG_WARN_COMMA = YES;
				CLANG_WARN_CONSTANT_CONVERSION = YES;
				CLANG_WARN_DEPRECATED_OBJC_IMPLEMENTATIONS = YES;
				CLANG_WARN_DIRECT_OBJC_ISA_USAGE = YES_ERROR;
				CLANG_WARN_DOCUMENTATION_COMMENTS = YES;
				CLANG_WARN_EMPTY_BODY = YES;
				CLANG_WARN_ENUM_CONVERSION = YES;
				CLANG_WARN_INFINITE_RECURSION = YES;
				CLANG_WARN_INT_CONVERSION = YES;
				CLANG_WARN_NON_LITERAL_NULL_CONVERSION = YES;
				CLANG_WARN_OBJC_IMPLICIT_RETAIN_SELF = YES;
				CLANG_WARN_OBJC_LITERAL_CONVERSION = YES;
				CLANG_WARN_OBJC_ROOT_CLASS = YES_ERROR;
				CLANG_WARN_QUOTED_INCLUDE_IN_FRAMEWORK_HEADER = YES;
				CLANG_WARN_RANGE_LOOP_ANALYSIS = YES;
				CLANG_WARN_STRICT_PROTOTYPES = YES;
				CLANG_WARN_SUSPICIOUS_MOVE = YES;
				CLANG_WARN_UNGUARDED_AVAILABILITY = YES_AGGRESSIVE;
				CLANG_WARN_UNREACHABLE_CODE = YES;
				CLANG_WARN__DUPLICATE_METHOD_MATCH = YES;
				COPY_PHASE_STRIP = NO;
				DEBUG_INFORMATION_FORMAT = "dwarf-with-dsym";
				ENABLE_NS_ASSERTIONS = NO;
				ENABLE_STRICT_OBJC_MSGSEND = YES;
				ENABLE_USER_SCRIPT_SANDBOXING = YES;
				GCC_C_LANGUAGE_STANDARD = gnu17;
				GCC_NO_COMMON_BLOCKS = YES;
				GCC_WARN_64_TO_32_BIT_CONVERSION = YES;
				GCC_WARN_ABOUT_RETURN_TYPE = YES_ERROR;
				GCC_WARN_UNDECLARED_SELECTOR = YES;
				GCC_WARN_UNINITIALIZED_AUTOS = YES_AGGRESSIVE;
				GCC_WARN_UNUSED_FUNCTION = YES;
				GCC_WARN_UNUSED_VARIABLE = YES;
				IPHONEOS_DEPLOYMENT_TARGET = 18.2;
				LOCALIZATION_PREFERS_STRING_CATALOGS = YES;
				MTL_ENABLE_DEBUG_INFO = NO;
				MTL_FAST_MATH = YES;
				SDKROOT = iphoneos;
				SWIFT_COMPILATION_MODE = wholemodule;
				VALIDATE_PRODUCT = YES;
			};
			name = Release;
		};
		06DB0A652DA3DC3200D460DD /* Debug */ = {
			isa = XCBuildConfiguration;
			buildSettings = {
				ASSETCATALOG_COMPILER_APPICON_NAME = AppIcon;
				ASSETCATALOG_COMPILER_GLOBAL_ACCENT_COLOR_NAME = AccentColor;
				CODE_SIGN_STYLE = Automatic;
				CURRENT_PROJECT_VERSION = 1;
				DEVELOPMENT_ASSET_PATHS = "\"Weatherio/Preview Content\"";
				DEVELOPMENT_TEAM = 8VU4757J9P;
				ENABLE_PREVIEWS = YES;
				GENERATE_INFOPLIST_FILE = YES;
				INFOPLIST_KEY_UIApplicationSceneManifest_Generation = YES;
				INFOPLIST_KEY_UIApplicationSupportsIndirectInputEvents = YES;
				INFOPLIST_KEY_UILaunchScreen_Generation = YES;
				INFOPLIST_KEY_UISupportedInterfaceOrientations_iPad = "UIInterfaceOrientationPortrait UIInterfaceOrientationPortraitUpsideDown UIInterfaceOrientationLandscapeLeft UIInterfaceOrientationLandscapeRight";
				INFOPLIST_KEY_UISupportedInterfaceOrientations_iPhone = "UIInterfaceOrientationPortrait UIInterfaceOrientationLandscapeLeft UIInterfaceOrientationLandscapeRight";
				LD_RUNPATH_SEARCH_PATHS = (
					"$(inherited)",
					"@executable_path/Frameworks",
				);
				MARKETING_VERSION = 1.0;
				PRODUCT_BUNDLE_IDENTIFIER = com.refridev.Weatherio;
				PRODUCT_NAME = "$(TARGET_NAME)";
				SWIFT_EMIT_LOC_STRINGS = YES;
				SWIFT_VERSION = 5.0;
				TARGETED_DEVICE_FAMILY = "1,2";
			};
			name = Debug;
		};
		06DB0A662DA3DC3200D460DD /* Release */ = {
			isa = XCBuildConfiguration;
			buildSettings = {
				ASSETCATALOG_COMPILER_APPICON_NAME = AppIcon;
				ASSETCATALOG_COMPILER_GLOBAL_ACCENT_COLOR_NAME = AccentColor;
				CODE_SIGN_STYLE = Automatic;
				CURRENT_PROJECT_VERSION = 1;
				DEVELOPMENT_ASSET_PATHS = "\"Weatherio/Preview Content\"";
				DEVELOPMENT_TEAM = 8VU4757J9P;
				ENABLE_PREVIEWS = YES;
				GENERATE_INFOPLIST_FILE = YES;
				INFOPLIST_KEY_UIApplicationSceneManifest_Generation = YES;
				INFOPLIST_KEY_UIApplicationSupportsIndirectInputEvents = YES;
				INFOPLIST_KEY_UILaunchScreen_Generation = YES;
				INFOPLIST_KEY_UISupportedInterfaceOrientations_iPad = "UIInterfaceOrientationPortrait UIInterfaceOrientationPortraitUpsideDown UIInterfaceOrientationLandscapeLeft UIInterfaceOrientationLandscapeRight";
				INFOPLIST_KEY_UISupportedInterfaceOrientations_iPhone = "UIInterfaceOrientationPortrait UIInterfaceOrientationLandscapeLeft UIInterfaceOrientationLandscapeRight";
				LD_RUNPATH_SEARCH_PATHS = (
					"$(inherited)",
					"@executable_path/Frameworks",
				);
				MARKETING_VERSION = 1.0;
				PRODUCT_BUNDLE_IDENTIFIER = com.refridev.Weatherio;
				PRODUCT_NAME = "$(TARGET_NAME)";
				SWIFT_EMIT_LOC_STRINGS = YES;
				SWIFT_VERSION = 5.0;
				TARGETED_DEVICE_FAMILY = "1,2";
			};
			name = Release;
		};
		06DB0A682DA3DC3200D460DD /* Debug */ = {
			isa = XCBuildConfiguration;
			buildSettings = {
				BUNDLE_LOADER = "$(TEST_HOST)";
				CODE_SIGN_STYLE = Automatic;
				CURRENT_PROJECT_VERSION = 1;
				DEVELOPMENT_TEAM = 8VU4757J9P;
				GENERATE_INFOPLIST_FILE = YES;
				IPHONEOS_DEPLOYMENT_TARGET = 18.2;
				MARKETING_VERSION = 1.0;
				PRODUCT_BUNDLE_IDENTIFIER = com.refridev.WeatherioTests;
				PRODUCT_NAME = "$(TARGET_NAME)";
				SWIFT_EMIT_LOC_STRINGS = NO;
				SWIFT_VERSION = 5.0;
				TARGETED_DEVICE_FAMILY = "1,2";
				TEST_HOST = "$(BUILT_PRODUCTS_DIR)/Weatherio.app/$(BUNDLE_EXECUTABLE_FOLDER_PATH)/Weatherio";
			};
			name = Debug;
		};
		06DB0A692DA3DC3200D460DD /* Release */ = {
			isa = XCBuildConfiguration;
			buildSettings = {
				BUNDLE_LOADER = "$(TEST_HOST)";
				CODE_SIGN_STYLE = Automatic;
				CURRENT_PROJECT_VERSION = 1;
				DEVELOPMENT_TEAM = 8VU4757J9P;
				GENERATE_INFOPLIST_FILE = YES;
				IPHONEOS_DEPLOYMENT_TARGET = 18.2;
				MARKETING_VERSION = 1.0;
				PRODUCT_BUNDLE_IDENTIFIER = com.refridev.WeatherioTests;
				PRODUCT_NAME = "$(TARGET_NAME)";
				SWIFT_EMIT_LOC_STRINGS = NO;
				SWIFT_VERSION = 5.0;
				TARGETED_DEVICE_FAMILY = "1,2";
				TEST_HOST = "$(BUILT_PRODUCTS_DIR)/Weatherio.app/$(BUNDLE_EXECUTABLE_FOLDER_PATH)/Weatherio";
			};
			name = Release;
		};
		06DB0A6B2DA3DC3200D460DD /* Debug */ = {
			isa = XCBuildConfiguration;
			buildSettings = {
				CODE_SIGN_STYLE = Automatic;
				CURRENT_PROJECT_VERSION = 1;
				DEVELOPMENT_TEAM = 8VU4757J9P;
				GENERATE_INFOPLIST_FILE = YES;
				MARKETING_VERSION = 1.0;
				PRODUCT_BUNDLE_IDENTIFIER = com.refridev.WeatherioUITests;
				PRODUCT_NAME = "$(TARGET_NAME)";
				SWIFT_EMIT_LOC_STRINGS = NO;
				SWIFT_VERSION = 5.0;
				TARGETED_DEVICE_FAMILY = "1,2";
				TEST_TARGET_NAME = Weatherio;
			};
			name = Debug;
		};
		06DB0A6C2DA3DC3200D460DD /* Release */ = {
			isa = XCBuildConfiguration;
			buildSettings = {
				CODE_SIGN_STYLE = Automatic;
				CURRENT_PROJECT_VERSION = 1;
				DEVELOPMENT_TEAM = 8VU4757J9P;
				GENERATE_INFOPLIST_FILE = YES;
				MARKETING_VERSION = 1.0;
				PRODUCT_BUNDLE_IDENTIFIER = com.refridev.WeatherioUITests;
				PRODUCT_NAME = "$(TARGET_NAME)";
				SWIFT_EMIT_LOC_STRINGS = NO;
				SWIFT_VERSION = 5.0;
				TARGETED_DEVICE_FAMILY = "1,2";
				TEST_TARGET_NAME = Weatherio;
			};
			name = Release;
		};
/* End XCBuildConfiguration section */

/* Begin XCConfigurationList section */
		06DB0A3B2DA3DC3000D460DD /* Build configuration list for PBXProject "Weatherio" */ = {
			isa = XCConfigurationList;
			buildConfigurations = (
				06DB0A622DA3DC3200D460DD /* Debug */,
				06DB0A632DA3DC3200D460DD /* Release */,
			);
			defaultConfigurationIsVisible = 0;
			defaultConfigurationName = Release;
		};
		06DB0A642DA3DC3200D460DD /* Build configuration list for PBXNativeTarget "Weatherio" */ = {
			isa = XCConfigurationList;
			buildConfigurations = (
				06DB0A652DA3DC3200D460DD /* Debug */,
				06DB0A662DA3DC3200D460DD /* Release */,
			);
			defaultConfigurationIsVisible = 0;
			defaultConfigurationName = Release;
		};
		06DB0A672DA3DC3200D460DD /* Build configuration list for PBXNativeTarget "WeatherioTests" */ = {
			isa = XCConfigurationList;
			buildConfigurations = (
				06DB0A682DA3DC3200D460DD /* Debug */,
				06DB0A692DA3DC3200D460DD /* Release */,
			);
			defaultConfigurationIsVisible = 0;
			defaultConfigurationName = Release;
		};
		06DB0A6A2DA3DC3200D460DD /* Build configuration list for PBXNativeTarget "WeatherioUITests" */ = {
			isa = XCConfigurationList;
			buildConfigurations = (
				06DB0A6B2DA3DC3200D460DD /* Debug */,
				06DB0A6C2DA3DC3200D460DD /* Release */,
			);
			defaultConfigurationIsVisible = 0;
			defaultConfigurationName = Release;
		};
/* End XCConfigurationList section */
	};
	rootObject = 06DB0A382DA3DC3000D460DD /* Project object */;
}
